{
  "name": "bootstrap4-template",
  "version": "2.0.0",
  "lockfileVersion": 1,
  "requires": true,
  "dependencies": {
    "@ckeditor/ckeditor5-build-classic": {
      "version": "10.1.0",
      "resolved": "https://registry.npmjs.org/@ckeditor/ckeditor5-build-classic/-/ckeditor5-build-classic-10.1.0.tgz",
      "integrity": "sha1-jvRZdhFfLRt0eGW42JLEGd+CkfQ="
    }
  }
}
